# This file is automatically @generated by Cargo.
# It is not intended for manual editing.
[[package]]
name = "lanexpr"
version = "0.1.0"
dependencies = [
 "oblexer 0.1.0",
 "obparser 0.1.0",
 "obuid 0.1.0",
]

[[package]]
name = "oblexer"
version = "0.1.0"

[[package]]
name = "obparser"
version = "0.1.0"
dependencies = [
 "oblexer 0.1.0",
]

[[package]]
name = "obuid"
version = "0.1.0"

