# This file is automatically @generated by Cargo.
# It is not intended for manual editing.
[[package]]
name = "asmparser"
version = "0.1.0"
dependencies = [
 "oblexer 0.1.0",
]

[[package]]
name = "irint3a"
version = "0.1.0"
dependencies = [
 "asmparser 0.1.0",
]

[[package]]
name = "oblexer"
version = "0.1.0"

[[package]]
name = "oc8be"
version = "0.1.0"
dependencies = [
 "irint3a 0.1.0",
]

